
Microsoft Visual Studio Solution File, Format Version 12.00
# Visual Studio Version 17
VisualStudioVersion = 17.7.34031.279
MinimumVisualStudioVersion = 10.0.40219.1
Project("{9A19103F-16F7-4668-BE54-9A1E7A4F7556}") = "feonao", "feonao_webpage\feonao.csproj", "{CAC98DF1-8F53-47E4-8A22-7781E536AEBA}"
EndProject
Global
	GlobalSection(SolutionConfigurationPlatforms) = preSolution
		Debug|Any CPU = Debug|Any CPU
		Release|Any CPU = Release|Any CPU
	EndGlobalSection
	GlobalSection(ProjectConfigurationPlatforms) = postSolution
		{CAC98DF1-8F53-47E4-8A22-7781E536AEBA}.Debug|Any CPU.ActiveCfg = Debug|Any CPU
		{CAC98DF1-8F53-47E4-8A22-7781E536AEBA}.Debug|Any CPU.Build.0 = Debug|Any CPU
		{CAC98DF1-8F53-47E4-8A22-7781E536AEBA}.Release|Any CPU.ActiveCfg = Release|Any CPU
		{CAC98DF1-8F53-47E4-8A22-7781E536AEBA}.Release|Any CPU.Build.0 = Release|Any CPU
	EndGlobalSection
	GlobalSection(SolutionProperties) = preSolution
		HideSolutionNode = FALSE
	EndGlobalSection
	GlobalSection(ExtensibilityGlobals) = postSolution
		SolutionGuid = {53B721DB-C6E5-44EF-8339-FA8A168C8DE2}
	EndGlobalSection
EndGlobal
